
Microsoft Visual Studio Solution File, Format Version 12.00
# Visual Studio Version 17
VisualStudioVersion = 17.9.34723.18
MinimumVisualStudioVersion = 10.0.40219.1
Project("{FAE04EC0-301F-11D3-BF4B-00C04F79EFBC}") = "SpecFlowTags", "SpecFlowTags.csproj", "{83454AF8-47E6-4E68-9588-DE197083F7E2}"
EndProject
Global
	GlobalSection(SolutionConfigurationPlatforms) = preSolution
		Debug|Any CPU = Debug|Any CPU
		Release|Any CPU = Release|Any CPU
	EndGlobalSection
	GlobalSection(ProjectConfigurationPlatforms) = postSolution
		{83454AF8-47E6-4E68-9588-DE197083F7E2}.Debug|Any CPU.ActiveCfg = Debug|Any CPU
		{83454AF8-47E6-4E68-9588-DE197083F7E2}.Debug|Any CPU.Build.0 = Debug|Any CPU
		{83454AF8-47E6-4E68-9588-DE197083F7E2}.Release|Any CPU.ActiveCfg = Release|Any CPU
		{83454AF8-47E6-4E68-9588-DE197083F7E2}.Release|Any CPU.Build.0 = Release|Any CPU
	EndGlobalSection
	GlobalSection(SolutionProperties) = preSolution
		HideSolutionNode = FALSE
	EndGlobalSection
	GlobalSection(ExtensibilityGlobals) = postSolution
		SolutionGuid = {9B26FD3F-2266-44E9-B706-90CE97845195}
	EndGlobalSection
EndGlobal
