
Microsoft Visual Studio Solution File, Format Version 12.00
# Visual Studio Version 17
VisualStudioVersion = 17.9.34723.18
MinimumVisualStudioVersion = 10.0.40219.1
Project("{FAE04EC0-301F-11D3-BF4B-00C04F79EFBC}") = "SpecFlowFakeDataIntegration", "SpecFlowFakeDataIntegration.csproj", "{5A3616DC-4B9F-4486-809F-C87CE92CB7EC}"
EndProject
Project("{2150E333-8FDC-42A3-9474-1A3956D46DE8}") = "Solution Items", "Solution Items", "{91C82337-6994-4D56-B5A4-7EF2B35CB2FE}"
	ProjectSection(SolutionItems) = preProject
		TestDataGenerator.cs = TestDataGenerator.cs
	EndProjectSection
EndProject
Global
	GlobalSection(SolutionConfigurationPlatforms) = preSolution
		Debug|Any CPU = Debug|Any CPU
		Release|Any CPU = Release|Any CPU
	EndGlobalSection
	GlobalSection(ProjectConfigurationPlatforms) = postSolution
		{5A3616DC-4B9F-4486-809F-C87CE92CB7EC}.Debug|Any CPU.ActiveCfg = Debug|Any CPU
		{5A3616DC-4B9F-4486-809F-C87CE92CB7EC}.Debug|Any CPU.Build.0 = Debug|Any CPU
		{5A3616DC-4B9F-4486-809F-C87CE92CB7EC}.Release|Any CPU.ActiveCfg = Release|Any CPU
		{5A3616DC-4B9F-4486-809F-C87CE92CB7EC}.Release|Any CPU.Build.0 = Release|Any CPU
	EndGlobalSection
	GlobalSection(SolutionProperties) = preSolution
		HideSolutionNode = FALSE
	EndGlobalSection
	GlobalSection(ExtensibilityGlobals) = postSolution
		SolutionGuid = {E0697AA4-6F06-4434-87B9-1F388E09647D}
	EndGlobalSection
EndGlobal
