
Microsoft Visual Studio Solution File, Format Version 12.00
# Visual Studio Version 17
VisualStudioVersion = 17.9.34723.18
MinimumVisualStudioVersion = 10.0.40219.1
Project("{FAE04EC0-301F-11D3-BF4B-00C04F79EFBC}") = "SpecFlowProject1", "SpecFlowProject1\SpecFlowProject1.csproj", "{AF7567F3-9A0E-42A1-9D0C-A8F3C91E4D60}"
EndProject
Global
	GlobalSection(SolutionConfigurationPlatforms) = preSolution
		Debug|Any CPU = Debug|Any CPU
		Release|Any CPU = Release|Any CPU
	EndGlobalSection
	GlobalSection(ProjectConfigurationPlatforms) = postSolution
		{AF7567F3-9A0E-42A1-9D0C-A8F3C91E4D60}.Debug|Any CPU.ActiveCfg = Debug|Any CPU
		{AF7567F3-9A0E-42A1-9D0C-A8F3C91E4D60}.Debug|Any CPU.Build.0 = Debug|Any CPU
		{AF7567F3-9A0E-42A1-9D0C-A8F3C91E4D60}.Release|Any CPU.ActiveCfg = Release|Any CPU
		{AF7567F3-9A0E-42A1-9D0C-A8F3C91E4D60}.Release|Any CPU.Build.0 = Release|Any CPU
	EndGlobalSection
	GlobalSection(SolutionProperties) = preSolution
		HideSolutionNode = FALSE
	EndGlobalSection
	GlobalSection(ExtensibilityGlobals) = postSolution
		SolutionGuid = {620956AF-7C08-4067-9AFF-CB28C90F1657}
	EndGlobalSection
EndGlobal
