
Microsoft Visual Studio Solution File, Format Version 12.00
# Visual Studio Version 17
VisualStudioVersion = 17.9.34723.18
MinimumVisualStudioVersion = 10.0.40219.1
Project("{9A19103F-16F7-4668-BE54-9A1E7A4F7556}") = "SpecFlowStateOrDataSharing", "SpecFlowStateOrDataSharing.csproj", "{059730C8-A864-4E95-9E9B-9F3630E07DAC}"
EndProject
Project("{2150E333-8FDC-42A3-9474-1A3956D46DE8}") = "Solution Items", "Solution Items", "{C00F7A5E-857F-42B6-8605-DE18D7CB5AE4}"
	ProjectSection(SolutionItems) = preProject
		custom-report-template.cshtml = custom-report-template.cshtml
	EndProjectSection
EndProject
Global
	GlobalSection(SolutionConfigurationPlatforms) = preSolution
		Debug|Any CPU = Debug|Any CPU
		Release|Any CPU = Release|Any CPU
	EndGlobalSection
	GlobalSection(ProjectConfigurationPlatforms) = postSolution
		{059730C8-A864-4E95-9E9B-9F3630E07DAC}.Debug|Any CPU.ActiveCfg = Debug|Any CPU
		{059730C8-A864-4E95-9E9B-9F3630E07DAC}.Debug|Any CPU.Build.0 = Debug|Any CPU
		{059730C8-A864-4E95-9E9B-9F3630E07DAC}.Release|Any CPU.ActiveCfg = Release|Any CPU
		{059730C8-A864-4E95-9E9B-9F3630E07DAC}.Release|Any CPU.Build.0 = Release|Any CPU
	EndGlobalSection
	GlobalSection(SolutionProperties) = preSolution
		HideSolutionNode = FALSE
	EndGlobalSection
	GlobalSection(ExtensibilityGlobals) = postSolution
		SolutionGuid = {1BC42FC7-DC51-4DE0-8388-C8840A854291}
	EndGlobalSection
EndGlobal
